{
  "nodes": {
    "disko": {
      "inputs": {
        "nixpkgs": [
          "nixpkgs"
        ]
      },
      "locked": {
        "lastModified": 1730751873,
        "narHash": "sha256-sdY29RWz0S7VbaoTwSy6RummdHKf0wUTaBlqPxrtvmQ=",
        "owner": "nix-community",
        "repo": "disko",
        "rev": "856a2902156ba304efebd4c1096dbf7465569454",
        "type": "github"
      },
      "original": {
        "owner": "nix-community",
        "repo": "disko",
        "type": "github"
      }
    },
    "flake-compat": {
      "locked": {
        "lastModified": 1696426674,
        "narHash": "sha256-kvjfFW7WAETZlt09AgDn1MrtKzP7t90Vf7vypd3OL1U=",
        "owner": "edolstra",
        "repo": "flake-compat",
        "rev": "0f9255e01c2351cc7d116c072cb317785dd33b33",
        "type": "github"
      },
      "original": {
        "owner": "edolstra",
        "repo": "flake-compat",
        "type": "github"
      }
    },
    "flake-parts": {
      "inputs": {
        "nixpkgs-lib": [
          "nixpkgs"
        ]
      },
      "locked": {
        "lastModified": 1730504689,
        "narHash": "sha256-hgmguH29K2fvs9szpq2r3pz2/8cJd2LPS+b4tfNFCwE=",
        "owner": "hercules-ci",
        "repo": "flake-parts",
        "rev": "506278e768c2a08bec68eb62932193e341f55c90",
        "type": "github"
      },
      "original": {
        "owner": "hercules-ci",
        "repo": "flake-parts",
        "type": "github"
      }
    },
    "home-manager": {
      "inputs": {
        "nixpkgs": [
          "nixpkgs"
        ]
      },
      "locked": {
        "lastModified": 1730837930,
        "narHash": "sha256-0kZL4m+bKBJUBQse0HanewWO0g8hDdCvBhudzxgehqc=",
        "owner": "nix-community",
        "repo": "home-manager",
        "rev": "2f607e07f3ac7e53541120536708e824acccfaa8",
        "type": "github"
      },
      "original": {
        "owner": "nix-community",
        "repo": "home-manager",
        "type": "github"
      }
    },
    "impermanence": {
      "locked": {
        "lastModified": 1730403150,
        "narHash": "sha256-W1FH5aJ/GpRCOA7DXT/sJHFpa5r8sq2qAUncWwRZ3Gg=",
        "owner": "nix-community",
        "repo": "impermanence",
        "rev": "0d09341beeaa2367bac5d718df1404bf2ce45e6f",
        "type": "github"
      },
      "original": {
        "owner": "nix-community",
        "repo": "impermanence",
        "type": "github"
      }
    },
    "nixos-facter-modules": {
      "locked": {
        "lastModified": 1730798058,
        "narHash": "sha256-2KexAe17KRg2191SdBxVXqJKwV6MxKzlE35DDcAX+Ds=",
        "owner": "numtide",
        "repo": "nixos-facter-modules",
        "rev": "d0e205eafca7091caad3925ff82a46fea08351e1",
        "type": "github"
      },
      "original": {
        "owner": "numtide",
        "repo": "nixos-facter-modules",
        "type": "github"
      }
    },
    "nixos-hardware": {
      "locked": {
        "lastModified": 1730919458,
        "narHash": "sha256-yMO0T0QJlmT/x4HEyvrCyigGrdYfIXX3e5gWqB64wLg=",
        "owner": "NixOS",
        "repo": "nixos-hardware",
        "rev": "e1cc1f6483393634aee94514186d21a4871e78d7",
        "type": "github"
      },
      "original": {
        "owner": "NixOS",
        "repo": "nixos-hardware",
        "type": "github"
      }
    },
    "nixpkgs-released": {
      "locked": {
        "lastModified": 1730883749,
        "narHash": "sha256-mwrFF0vElHJP8X3pFCByJR365Q2463ATp2qGIrDUdlE=",
        "owner": "NixOS",
        "repo": "nixpkgs",
        "rev": "dba414932936fde69f0606b4f1d87c5bc0003ede",
        "type": "github"
      },
      "original": {
        "owner": "NixOS",
        "ref": "nixos-24.05",
        "repo": "nixpkgs",
        "type": "github"
      }
    },
    "nixpkgs-unstable": {
      "locked": {
        "lastModified": 1730785428,
        "narHash": "sha256-Zwl8YgTVJTEum+L+0zVAWvXAGbWAuXHax3KzuejaDyo=",
        "owner": "NixOS",
        "repo": "nixpkgs",
        "rev": "4aa36568d413aca0ea84a1684d2d46f55dbabad7",
        "type": "github"
      },
      "original": {
        "owner": "NixOS",
        "ref": "nixos-unstable",
        "repo": "nixpkgs",
        "type": "github"
      }
    },
    "root": {
      "inputs": {
        "disko": "disko",
        "flake-compat": "flake-compat",
        "flake-parts": "flake-parts",
        "home-manager": "home-manager",
        "impermanence": "impermanence",
        "nixos-facter-modules": "nixos-facter-modules",
        "nixos-hardware": "nixos-hardware",
        "nixpkgs": [
          "nixpkgs-unstable"
        ],
        "nixpkgs-released": "nixpkgs-released",
        "nixpkgs-unstable": "nixpkgs-unstable",
        "sops-nix": "sops-nix",
        "srvos": "srvos",
        "systems": "systems"
      }
    },
    "sops-nix": {
      "inputs": {
        "nixpkgs": [
          "nixpkgs"
        ],
        "nixpkgs-stable": [
          "nixpkgs-released"
        ]
      },
      "locked": {
        "lastModified": 1731008979,
        "narHash": "sha256-yN1NxvmqV8UltLkqYBWTeZNgpD/eyh/7LM58caHiEfE=",
        "owner": "Mic92",
        "repo": "sops-nix",
        "rev": "fe63071416471abdab06caa234122932a7c4b980",
        "type": "github"
      },
      "original": {
        "owner": "Mic92",
        "repo": "sops-nix",
        "type": "github"
      }
    },
    "srvos": {
      "inputs": {
        "nixpkgs": [
          "nixpkgs"
        ]
      },
      "locked": {
        "lastModified": 1730940990,
        "narHash": "sha256-FyRDs/jlmaBDL1ryf3tM9rFaOrlYn5wSa1VUr4k2w+4=",
        "owner": "nix-community",
        "repo": "srvos",
        "rev": "dabae9d2062afd45f343d13d819eea1029d08162",
        "type": "github"
      },
      "original": {
        "owner": "nix-community",
        "repo": "srvos",
        "type": "github"
      }
    },
    "systems": {
      "locked": {
        "lastModified": 1689347949,
        "narHash": "sha256-12tWmuL2zgBgZkdoB6qXZsgJEH9LR3oUgpaQq2RbI80=",
        "owner": "nix-systems",
        "repo": "default-linux",
        "rev": "31732fcf5e8fea42e59c2488ad31a0e651500f68",
        "type": "github"
      },
      "original": {
        "owner": "nix-systems",
        "repo": "default-linux",
        "type": "github"
      }
    }
  },
  "root": "root",
  "version": 7
}
